
Microsoft Visual Studio Solution File, Format Version 12.00
# Visual Studio Version 17
VisualStudioVersion = 17.8.34330.188
MinimumVisualStudioVersion = 10.0.40219.1
Project("{9A19103F-16F7-4668-BE54-9A1E7A4F7556}") = "CRRP4Server.API", "CRRP4Server.API\CRRP4Server.API.csproj", "{C7F211B3-AC84-410A-91A6-0E80EB7553A2}"
EndProject
Project("{9A19103F-16F7-4668-BE54-9A1E7A4F7556}") = "CRRP4Server.Business", "CRRP4Server.Business\CRRP4Server.Business.csproj", "{033226BB-D7BE-4ABE-A93A-E178FBB66C4C}"
EndProject
Project("{9A19103F-16F7-4668-BE54-9A1E7A4F7556}") = "CRRP4Server.DAL", "CRRP4Server.DAL\CRRP4Server.DAL.csproj", "{AAF3FDD4-33F9-4A71-B64E-CE13BF0D7040}"
EndProject
Project("{FAE04EC0-301F-11D3-BF4B-00C04F79EFBC}") = "CRRP4Server.Core", "CRRP4Server.Core\CRRP4Server.Core.csproj", "{4A7CF2E0-B1D8-40F2-AAD0-6CE3632FD2EE}"
EndProject
Global
	GlobalSection(SolutionConfigurationPlatforms) = preSolution
		Debug|Any CPU = Debug|Any CPU
		Release|Any CPU = Release|Any CPU
	EndGlobalSection
	GlobalSection(ProjectConfigurationPlatforms) = postSolution
		{C7F211B3-AC84-410A-91A6-0E80EB7553A2}.Debug|Any CPU.ActiveCfg = Debug|Any CPU
		{C7F211B3-AC84-410A-91A6-0E80EB7553A2}.Debug|Any CPU.Build.0 = Debug|Any CPU
		{C7F211B3-AC84-410A-91A6-0E80EB7553A2}.Release|Any CPU.ActiveCfg = Release|Any CPU
		{C7F211B3-AC84-410A-91A6-0E80EB7553A2}.Release|Any CPU.Build.0 = Release|Any CPU
		{033226BB-D7BE-4ABE-A93A-E178FBB66C4C}.Debug|Any CPU.ActiveCfg = Debug|Any CPU
		{033226BB-D7BE-4ABE-A93A-E178FBB66C4C}.Debug|Any CPU.Build.0 = Debug|Any CPU
		{033226BB-D7BE-4ABE-A93A-E178FBB66C4C}.Release|Any CPU.ActiveCfg = Release|Any CPU
		{033226BB-D7BE-4ABE-A93A-E178FBB66C4C}.Release|Any CPU.Build.0 = Release|Any CPU
		{AAF3FDD4-33F9-4A71-B64E-CE13BF0D7040}.Debug|Any CPU.ActiveCfg = Debug|Any CPU
		{AAF3FDD4-33F9-4A71-B64E-CE13BF0D7040}.Debug|Any CPU.Build.0 = Debug|Any CPU
		{AAF3FDD4-33F9-4A71-B64E-CE13BF0D7040}.Release|Any CPU.ActiveCfg = Release|Any CPU
		{AAF3FDD4-33F9-4A71-B64E-CE13BF0D7040}.Release|Any CPU.Build.0 = Release|Any CPU
		{4A7CF2E0-B1D8-40F2-AAD0-6CE3632FD2EE}.Debug|Any CPU.ActiveCfg = Debug|Any CPU
		{4A7CF2E0-B1D8-40F2-AAD0-6CE3632FD2EE}.Debug|Any CPU.Build.0 = Debug|Any CPU
		{4A7CF2E0-B1D8-40F2-AAD0-6CE3632FD2EE}.Release|Any CPU.ActiveCfg = Release|Any CPU
		{4A7CF2E0-B1D8-40F2-AAD0-6CE3632FD2EE}.Release|Any CPU.Build.0 = Release|Any CPU
	EndGlobalSection
	GlobalSection(SolutionProperties) = preSolution
		HideSolutionNode = FALSE
	EndGlobalSection
	GlobalSection(ExtensibilityGlobals) = postSolution
		SolutionGuid = {9D012FBF-C009-4367-82EB-94CBA56818A6}
	EndGlobalSection
EndGlobal
